Microsoft Visual Studio Solution File, Format Version 11.00
# Visual Studio 2008

Project("{6B025E66-79B3-DC1A-31C6-0B77E35047BC}") = "project kampus", "Assembly-CSharp-firstpass.csproj", "{CF3787B9-CEBE-8667-26A9-0F235680C250}"
EndProject
Project("{6B025E66-79B3-DC1A-31C6-0B77E35047BC}") = "project kampus", "Assembly-CSharp.csproj", "{73338020-1B83-2908-1A6A-5A5B9F6BF1F3}"
EndProject
Project("{6B025E66-79B3-DC1A-31C6-0B77E35047BC}") = "project kampus", "Assembly-CSharp-Editor.csproj", "{7CF28D24-3A1B-0AAF-4229-586A7615558F}"
EndProject
Project("{6B025E66-79B3-DC1A-31C6-0B77E35047BC}") = "project kampus", "Assembly-UnityScript-firstpass.unityproj", "{115E287D-1A03-1709-DC34-666C6932F0F3}"
EndProject
Project("{6B025E66-79B3-DC1A-31C6-0B77E35047BC}") = "project kampus", "Assembly-UnityScript.unityproj", "{B81C1D5F-A024-2F18-28CE-549E0F1AE761}"
EndProject
Global
	GlobalSection(SolutionConfigurationPlatforms) = preSolution
		Debug|Any CPU = Debug|Any CPU
		Release|Any CPU = Release|Any CPU
	EndGlobalSection
	GlobalSection(ProjectConfigurationPlatforms) = postSolution
		{CF3787B9-CEBE-8667-26A9-0F235680C250}.Debug|Any CPU.ActiveCfg = Debug|Any CPU
		{CF3787B9-CEBE-8667-26A9-0F235680C250}.Debug|Any CPU.Build.0 = Debug|Any CPU
		{CF3787B9-CEBE-8667-26A9-0F235680C250}.Release|Any CPU.ActiveCfg = Release|Any CPU
		{CF3787B9-CEBE-8667-26A9-0F235680C250}.Release|Any CPU.Build.0 = Release|Any CPU
		{73338020-1B83-2908-1A6A-5A5B9F6BF1F3}.Debug|Any CPU.ActiveCfg = Debug|Any CPU
		{73338020-1B83-2908-1A6A-5A5B9F6BF1F3}.Debug|Any CPU.Build.0 = Debug|Any CPU
		{73338020-1B83-2908-1A6A-5A5B9F6BF1F3}.Release|Any CPU.ActiveCfg = Release|Any CPU
		{73338020-1B83-2908-1A6A-5A5B9F6BF1F3}.Release|Any CPU.Build.0 = Release|Any CPU
		{7CF28D24-3A1B-0AAF-4229-586A7615558F}.Debug|Any CPU.ActiveCfg = Debug|Any CPU
		{7CF28D24-3A1B-0AAF-4229-586A7615558F}.Debug|Any CPU.Build.0 = Debug|Any CPU
		{7CF28D24-3A1B-0AAF-4229-586A7615558F}.Release|Any CPU.ActiveCfg = Release|Any CPU
		{7CF28D24-3A1B-0AAF-4229-586A7615558F}.Release|Any CPU.Build.0 = Release|Any CPU
		{115E287D-1A03-1709-DC34-666C6932F0F3}.Debug|Any CPU.ActiveCfg = Debug|Any CPU
		{115E287D-1A03-1709-DC34-666C6932F0F3}.Debug|Any CPU.Build.0 = Debug|Any CPU
		{115E287D-1A03-1709-DC34-666C6932F0F3}.Release|Any CPU.ActiveCfg = Release|Any CPU
		{115E287D-1A03-1709-DC34-666C6932F0F3}.Release|Any CPU.Build.0 = Release|Any CPU
		{B81C1D5F-A024-2F18-28CE-549E0F1AE761}.Debug|Any CPU.ActiveCfg = Debug|Any CPU
		{B81C1D5F-A024-2F18-28CE-549E0F1AE761}.Debug|Any CPU.Build.0 = Debug|Any CPU
		{B81C1D5F-A024-2F18-28CE-549E0F1AE761}.Release|Any CPU.ActiveCfg = Release|Any CPU
		{B81C1D5F-A024-2F18-28CE-549E0F1AE761}.Release|Any CPU.Build.0 = Release|Any CPU
	EndGlobalSection
	GlobalSection(SolutionProperties) = preSolution
		HideSolutionNode = FALSE
	EndGlobalSection
																																																																																																																																																																																																																																		GlobalSection(MonoDevelopProperties) = preSolution
		StartupItem = Assembly-CSharp.csproj
		Policies = $0
		$0.TextStylePolicy = $1
		$1.inheritsSet = null
		$1.scope = text/x-csharp
		$0.CSharpFormattingPolicy = $2
		$2.inheritsSet = Mono
		$2.inheritsScope = text/x-csharp
		$2.scope = text/x-csharp
		$0.TextStylePolicy = $3
		$3.FileWidth = 120
		$3.TabWidth = 4
		$3.IndentWidth = 4
		$3.EolMarker = Unix
		$3.inheritsSet = Mono
		$3.inheritsScope = text/plain
		$3.scope = text/plain
	EndGlobalSection

EndGlobal
